
Microsoft Visual Studio Solution File, Format Version 12.00
# Visual Studio 15
VisualStudioVersion = 15.0.27004.2005
MinimumVisualStudioVersion = 10.0.40219.1
Project("{FAE04EC0-301F-11D3-BF4B-00C04F79EFBC}") = "MultiplicationTable", "MultiplicationTable\MultiplicationTable.csproj", "{DF9C8CBA-5C9D-4A44-9A5C-DB8138FF743A}"
EndProject
Global
	GlobalSection(SolutionConfigurationPlatforms) = preSolution
		Debug|Any CPU = Debug|Any CPU
		Release|Any CPU = Release|Any CPU
	EndGlobalSection
	GlobalSection(ProjectConfigurationPlatforms) = postSolution
		{DF9C8CBA-5C9D-4A44-9A5C-DB8138FF743A}.Debug|Any CPU.ActiveCfg = Debug|Any CPU
		{DF9C8CBA-5C9D-4A44-9A5C-DB8138FF743A}.Debug|Any CPU.Build.0 = Debug|Any CPU
		{DF9C8CBA-5C9D-4A44-9A5C-DB8138FF743A}.Release|Any CPU.ActiveCfg = Release|Any CPU
		{DF9C8CBA-5C9D-4A44-9A5C-DB8138FF743A}.Release|Any CPU.Build.0 = Release|Any CPU
	EndGlobalSection
	GlobalSection(SolutionProperties) = preSolution
		HideSolutionNode = FALSE
	EndGlobalSection
	GlobalSection(ExtensibilityGlobals) = postSolution
		SolutionGuid = {D0BBEFB6-7954-4F25-AA25-CFF6825A0670}
	EndGlobalSection
EndGlobal
